
Microsoft Visual Studio Solution File, Format Version 12.00
# Visual Studio Version 17
VisualStudioVersion = 17.2.32630.192
MinimumVisualStudioVersion = 10.0.40219.1
Project("{FAE04EC0-301F-11D3-BF4B-00C04F79EFBC}") = "TaskParticles", "TaskParticles\TaskParticles.csproj", "{13B15168-26E9-49CD-B210-219B9C033616}"
EndProject
Global
	GlobalSection(SolutionConfigurationPlatforms) = preSolution
		Debug|Any CPU = Debug|Any CPU
		Release|Any CPU = Release|Any CPU
	EndGlobalSection
	GlobalSection(ProjectConfigurationPlatforms) = postSolution
		{13B15168-26E9-49CD-B210-219B9C033616}.Debug|Any CPU.ActiveCfg = Debug|Any CPU
		{13B15168-26E9-49CD-B210-219B9C033616}.Debug|Any CPU.Build.0 = Debug|Any CPU
		{13B15168-26E9-49CD-B210-219B9C033616}.Release|Any CPU.ActiveCfg = Release|Any CPU
		{13B15168-26E9-49CD-B210-219B9C033616}.Release|Any CPU.Build.0 = Release|Any CPU
	EndGlobalSection
	GlobalSection(SolutionProperties) = preSolution
		HideSolutionNode = FALSE
	EndGlobalSection
	GlobalSection(ExtensibilityGlobals) = postSolution
		SolutionGuid = {7BB5E13C-B3EF-4348-85E9-C0EA65FEF8B3}
	EndGlobalSection
EndGlobal
